// !$*UTF8*$!
{
	archiveVersion = 1;
	classes = {
	};
	objectVersion = 46;
	objects = {

/* Begin PBXBuildFile section */
		0CA662E71DC1F7EA00D514F0 /* main.m in Sources */ = {isa = PBXBuildFile; fileRef = 0CA662E61DC1F7EA00D514F0 /* main.m */; };
		0CA662EA1DC1F7EA00D514F0 /* AppDelegate.m in Sources */ = {isa = PBXBuildFile; fileRef = 0CA662E91DC1F7EA00D514F0 /* AppDelegate.m */; };
		0CA662ED1DC1F7EA00D514F0 /* ViewController.m in Sources */ = {isa = PBXBuildFile; fileRef = 0CA662EC1DC1F7EA00D514F0 /* ViewController.m */; };
		0CA662F01DC1F7EA00D514F0 /* Main.storyboard in Resources */ = {isa = PBXBuildFile; fileRef = 0CA662EE1DC1F7EA00D514F0 /* Main.storyboard */; };
		0CA662F21DC1F7EA00D514F0 /* Assets.xcassets in Resources */ = {isa = PBXBuildFile; fileRef = 0CA662F11DC1F7EA00D514F0 /* Assets.xcassets */; };
		0CA662F51DC1F7EA00D514F0 /* LaunchScreen.storyboard in Resources */ = {isa = PBXBuildFile; fileRef = 0CA662F31DC1F7EA00D514F0 /* LaunchScreen.storyboard */; };
/* End PBXBuildFile section */

/* Begin PBXFileReference section */
		0CA662E21DC1F7EA00D514F0 /* RuntTime.app */ = {isa = PBXFileReference; explicitFileType = wrapper.application; includeInIndex = 0; path = RuntTime.app; sourceTree = BUILT_PRODUCTS_DIR; };
		0CA662E61DC1F7EA00D514F0 /* main.m */ = {isa = PBXFileReference; lastKnownFileType = sourcecode.c.objc; path = main.m; sourceTree = "<group>"; };
		0CA662E81DC1F7EA00D514F0 /* AppDelegate.h */ = {isa = PBXFileReference; lastKnownFileType = sourcecode.c.h; path = AppDelegate.h; sourceTree = "<group>"; };
		0CA662E91DC1F7EA00D514F0 /* AppDelegate.m */ = {isa = PBXFileReference; lastKnownFileType = sourcecode.c.objc; path = AppDelegate.m; sourceTree = "<group>"; };
		0CA662EB1DC1F7EA00D514F0 /* ViewController.h */ = {isa = PBXFileReference; lastKnownFileType = sourcecode.c.h; path = ViewController.h; sourceTree = "<group>"; };
		0CA662EC1DC1F7EA00D514F0 /* ViewController.m */ = {isa = PBXFileReference; lastKnownFileType = sourcecode.c.objc; path = ViewController.m; sourceTree = "<group>"; };
		0CA662EF1DC1F7EA00D514F0 /* Base */ = {isa = PBXFileReference; lastKnownFileType = file.storyboard; name = Base; path = Base.lproj/Main.storyboard; sourceTree = "<group>"; };
		0CA662F11DC1F7EA00D514F0 /* Assets.xcassets */ = {isa = PBXFileReference; lastKnownFileType = folder.assetcatalog; path = Assets.xcassets; sourceTree = "<group>"; };
		0CA662F41DC1F7EA00D514F0 /* Base */ = {isa = PBXFileReference; lastKnownFileType = file.storyboard; name = Base; path = Base.lproj/LaunchScreen.storyboard; sourceTree = "<group>"; };
		0CA662F61DC1F7EA00D514F0 /* Info.plist */ = {isa = PBXFileReference; lastKnownFileType = text.plist.xml; path = Info.plist; sourceTree = "<group>"; };
/* End PBXFileReference section */

/* Begin PBXFrameworksBuildPhase section */
		0CA662DF1DC1F7EA00D514F0 /* Frameworks */ = {
			isa = PBXFrameworksBuildPhase;
			buildActionMask = 2147483647;
			files = (
			);
			runOnlyForDeploymentPostprocessing = 0;
		};
/* End PBXFrameworksBuildPhase section */

/* Begin PBXGroup section */
		0CA662D91DC1F7EA00D514F0 = {
			isa = PBXGroup;
			children = (
				0CA662E41DC1F7EA00D514F0 /* RuntTime */,
				0CA662E31DC1F7EA00D514F0 /* Products */,
			);
			sourceTree = "<group>";
		};
		0CA662E31DC1F7EA00D514F0 /* Products */ = {
			isa = PBXGroup;
			children = (
				0CA662E21DC1F7EA00D514F0 /* RuntTime.app */,
			);
			name = Products;
			sourceTree = "<group>";
		};
		0CA662E41DC1F7EA00D514F0 /* RuntTime */ = {
			isa = PBXGroup;
			children = (
				0CA662E81DC1F7EA00D514F0 /* AppDelegate.h */,
				0CA662E91DC1F7EA00D514F0 /* AppDelegate.m */,
				0CA662EB1DC1F7EA00D514F0 /* ViewController.h */,
				0CA662EC1DC1F7EA00D514F0 /* ViewController.m */,
				0CA662EE1DC1F7EA00D514F0 /* Main.storyboard */,
				0CA662F11DC1F7EA00D514F0 /* Assets.xcassets */,
				0CA662F31DC1F7EA00D514F0 /* LaunchScreen.storyboard */,
				0CA662F61DC1F7EA00D514F0 /* Info.plist */,
				0CA662E51DC1F7EA00D514F0 /* Supporting Files */,
			);
			path = RuntTime;
			sourceTree = "<group>";
		};
		0CA662E51DC1F7EA00D514F0 /* Supporting Files */ = {
			isa = PBXGroup;
			children = (
				0CA662E61DC1F7EA00D514F0 /* main.m */,
			);
			name = "Supporting Files";
			sourceTree = "<group>";
		};
/* End PBXGroup section */

/* Begin PBXNativeTarget section */
		0CA662E11DC1F7EA00D514F0 /* RuntTime */ = {
			isa = PBXNativeTarget;
			buildConfigurationList = 0CA662F91DC1F7EA00D514F0 /* Build configuration list for PBXNativeTarget "RuntTime" */;
			buildPhases = (
				0CA662DE1DC1F7EA00D514F0 /* Sources */,
				0CA662DF1DC1F7EA00D514F0 /* Frameworks */,
				0CA662E01DC1F7EA00D514F0 /* Resources */,
			);
			buildRules = (
			);
			dependencies = (
			);
			name = RuntTime;
			productName = RuntTime;
			productReference = 0CA662E21DC1F7EA00D514F0 /* RuntTime.app */;
			productType = "com.apple.product-type.application";
		};
/* End PBXNativeTarget section */

/* Begin PBXProject section */
		0CA662DA1DC1F7EA00D514F0 /* Project object */ = {
			isa = PBXProject;
			attributes = {
				LastUpgradeCheck = 0800;
				ORGANIZATIONNAME = baohe;
				TargetAttributes = {
					0CA662E11DC1F7EA00D514F0 = {
						CreatedOnToolsVersion = 8.0;
						ProvisioningStyle = Automatic;
					};
				};
			};
			buildConfigurationList = 0CA662DD1DC1F7EA00D514F0 /* Build configuration list for PBXProject "RuntTime" */;
			compatibilityVersion = "Xcode 3.2";
			developmentRegion = English;
			hasScannedForEncodings = 0;
			knownRegions = (
				en,
				Base,
			);
			mainGroup = 0CA662D91DC1F7EA00D514F0;
			productRefGroup = 0CA662E31DC1F7EA00D514F0 /* Products */;
			projectDirPath = "";
			projectRoot = "";
			targets = (
				0CA662E11DC1F7EA00D514F0 /* RuntTime */,
			);
		};
/* End PBXProject section */

/* Begin PBXResourcesBuildPhase section */
		0CA662E01DC1F7EA00D514F0 /* Resources */ = {
			isa = PBXResourcesBuildPhase;
			buildActionMask = 2147483647;
			files = (
				0CA662F51DC1F7EA00D514F0 /* LaunchScreen.storyboard in Resources */,
				0CA662F21DC1F7EA00D514F0 /* Assets.xcassets in Resources */,
				0CA662F01DC1F7EA00D514F0 /* Main.storyboard in Resources */,
			);
			runOnlyForDeploymentPostprocessing = 0;
		};
/* End PBXResourcesBuildPhase section */

/* Begin PBXSourcesBuildPhase section */
		0CA662DE1DC1F7EA00D514F0 /* Sources */ = {
			isa = PBXSourcesBuildPhase;
			buildActionMask = 2147483647;
			files = (
				0CA662ED1DC1F7EA00D514F0 /* ViewController.m in Sources */,
				0CA662EA1DC1F7EA00D514F0 /* AppDelegate.m in Sources */,
				0CA662E71DC1F7EA00D514F0 /* main.m in Sources */,
			);
			runOnlyForDeploymentPostprocessing = 0;
		};
/* End PBXSourcesBuildPhase section */

/* Begin PBXVariantGroup section */
		0CA662EE1DC1F7EA00D514F0 /* Main.storyboard */ = {
			isa = PBXVariantGroup;
			children = (
				0CA662EF1DC1F7EA00D514F0 /* Base */,
			);
			name = Main.storyboard;
			sourceTree = "<group>";
		};
		0CA662F31DC1F7EA00D514F0 /* LaunchScreen.storyboard */ = {
			isa = PBXVariantGroup;
			children = (
				0CA662F41DC1F7EA00D514F0 /* Base */,
			);
			name = LaunchScreen.storyboard;
			sourceTree = "<group>";
		};
/* End PBXVariantGroup section */

/* Begin XCBuildConfiguration section */
		0CA662F71DC1F7EA00D514F0 /* Debug */ = {
			isa = XCBuildConfiguration;
			buildSettings = {
				ALWAYS_SEARCH_USER_PATHS = NO;
				CLANG_ANALYZER_NONNULL = YES;
				CLANG_CXX_LANGUAGE_STANDARD = "gnu++0x";
				CLANG_CXX_LIBRARY = "libc++";
				CLANG_ENABLE_MODULES = YES;
				CLANG_ENABLE_OBJC_ARC = YES;
				CLANG_WARN_BOOL_CONVERSION = YES;
				CLANG_WARN_CONSTANT_CONVERSION = YES;
				CLANG_WARN_DIRECT_OBJC_ISA_USAGE = YES_ERROR;
				CLANG_WARN_DOCUMENTATION_COMMENTS = YES;
				CLANG_WARN_EMPTY_BODY = YES;
				CLANG_WARN_ENUM_CONVERSION = YES;
				CLANG_WARN_INFINITE_RECURSION = YES;
				CLANG_WARN_INT_CONVERSION = YES;
				CLANG_WARN_OBJC_ROOT_CLASS = YES_ERROR;
				CLANG_WARN_SUSPICIOUS_MOVES = YES;
				CLANG_WARN_UNREACHABLE_CODE = YES;
				CLANG_WARN__DUPLICATE_METHOD_MATCH = YES;
				"CODE_SIGN_IDENTITY[sdk=iphoneos*]" = "iPhone Developer";
				COPY_PHASE_STRIP = NO;
				DEBUG_INFORMATION_FORMAT = dwarf;
				ENABLE_STRICT_OBJC_MSGSEND = YES;
				ENABLE_TESTABILITY = YES;
				GCC_C_LANGUAGE_STANDARD = gnu99;
				GCC_DYNAMIC_NO_PIC = NO;
				GCC_NO_COMMON_BLOCKS = YES;
				GCC_OPTIMIZATION_LEVEL = 0;
				GCC_PREPROCESSOR_DEFINITIONS = (
					"DEBUG=1",
					"$(inherited)",
				);
				GCC_WARN_64_TO_32_BIT_CONVERSION = YES;
				GCC_WARN_ABOUT_RETURN_TYPE = YES_ERROR;
				GCC_WARN_UNDECLARED_SELECTOR = YES;
				GCC_WARN_UNINITIALIZED_AUTOS = YES_AGGRESSIVE;
				GCC_WARN_UNUSED_FUNCTION = YES;
				GCC_WARN_UNUSED_VARIABLE = YES;
				IPHONEOS_DEPLOYMENT_TARGET = 10.0;
				MTL_ENABLE_DEBUG_INFO = YES;
				ONLY_ACTIVE_ARCH = YES;
				SDKROOT = iphoneos;
			};
			name = Debug;
		};
		0CA662F81DC1F7EA00D514F0 /* Release */ = {
			isa = XCBuildConfiguration;
			buildSettings = {
				ALWAYS_SEARCH_USER_PATHS = NO;
				CLANG_ANALYZER_NONNULL = YES;
				CLANG_CXX_LANGUAGE_STANDARD = "gnu++0x";
				CLANG_CXX_LIBRARY = "libc++";
				CLANG_ENABLE_MODULES = YES;
				CLANG_ENABLE_OBJC_ARC = YES;
				CLANG_WARN_BOOL_CONVERSION = YES;
				CLANG_WARN_CONSTANT_CONVERSION = YES;
				CLANG_WARN_DIRECT_OBJC_ISA_USAGE = YES_ERROR;
				CLANG_WARN_DOCUMENTATION_COMMENTS = YES;
				CLANG_WARN_EMPTY_BODY = YES;
				CLANG_WARN_ENUM_CONVERSION = YES;
				CLANG_WARN_INFINITE_RECURSION = YES;
				CLANG_WARN_INT_CONVERSION = YES;
				CLANG_WARN_OBJC_ROOT_CLASS = YES_ERROR;
				CLANG_WARN_SUSPICIOUS_MOVES = YES;
				CLANG_WARN_UNREACHABLE_CODE = YES;
				CLANG_WARN__DUPLICATE_METHOD_MATCH = YES;
				"CODE_SIGN_IDENTITY[sdk=iphoneos*]" = "iPhone Developer";
				COPY_PHASE_STRIP = NO;
				DEBUG_INFORMATION_FORMAT = "dwarf-with-dsym";
				ENABLE_NS_ASSERTIONS = NO;
				ENABLE_STRICT_OBJC_MSGSEND = YES;
				GCC_C_LANGUAGE_STANDARD = gnu99;
				GCC_NO_COMMON_BLOCKS = YES;
				GCC_WARN_64_TO_32_BIT_CONVERSION = YES;
				GCC_WARN_ABOUT_RETURN_TYPE = YES_ERROR;
				GCC_WARN_UNDECLARED_SELECTOR = YES;
				GCC_WARN_UNINITIALIZED_AUTOS = YES_AGGRESSIVE;
				GCC_WARN_UNUSED_FUNCTION = YES;
				GCC_WARN_UNUSED_VARIABLE = YES;
				IPHONEOS_DEPLOYMENT_TARGET = 10.0;
				MTL_ENABLE_DEBUG_INFO = NO;
				SDKROOT = iphoneos;
				VALIDATE_PRODUCT = YES;
			};
			name = Release;
		};
		0CA662FA1DC1F7EA00D514F0 /* Debug */ = {
			isa = XCBuildConfiguration;
			buildSettings = {
				ASSETCATALOG_COMPILER_APPICON_NAME = AppIcon;
				INFOPLIST_FILE = RuntTime/Info.plist;
				LD_RUNPATH_SEARCH_PATHS = "$(inherited) @executable_path/Frameworks";
				PRODUCT_BUNDLE_IDENTIFIER = com.buerkai.RuntTime;
				PRODUCT_NAME = "$(TARGET_NAME)";
			};
			name = Debug;
		};
		0CA662FB1DC1F7EA00D514F0 /* Release */ = {
			isa = XCBuildConfiguration;
			buildSettings = {
				ASSETCATALOG_COMPILER_APPICON_NAME = AppIcon;
				INFOPLIST_FILE = RuntTime/Info.plist;
				LD_RUNPATH_SEARCH_PATHS = "$(inherited) @executable_path/Frameworks";
				PRODUCT_BUNDLE_IDENTIFIER = com.buerkai.RuntTime;
				PRODUCT_NAME = "$(TARGET_NAME)";
			};
			name = Release;
		};
/* End XCBuildConfiguration section */

/* Begin XCConfigurationList section */
		0CA662DD1DC1F7EA00D514F0 /* Build configuration list for PBXProject "RuntTime" */ = {
			isa = XCConfigurationList;
			buildConfigurations = (
				0CA662F71DC1F7EA00D514F0 /* Debug */,
				0CA662F81DC1F7EA00D514F0 /* Release */,
			);
			defaultConfigurationIsVisible = 0;
			defaultConfigurationName = Release;
		};
		0CA662F91DC1F7EA00D514F0 /* Build configuration list for PBXNativeTarget "RuntTime" */ = {
			isa = XCConfigurationList;
			buildConfigurations = (
				0CA662FA1DC1F7EA00D514F0 /* Debug */,
				0CA662FB1DC1F7EA00D514F0 /* Release */,
			);
			defaultConfigurationIsVisible = 0;
		};
/* End XCConfigurationList section */
	};
	rootObject = 0CA662DA1DC1F7EA00D514F0 /* Project object */;
}
